{
  "version": 4,
  "terraform_version": "1.5.4",
  "serial": 2,
  "lineage": "e26185ab-e3ad-92e7-eceb-101d49871922",
  "outputs": {
    "vpcid": {
      "value": "vpc-048946076b9381b1a",
      "type": "string"
    }
  },
  "resources": [
    {
      "mode": "managed",
      "type": "aws_vpc",
      "name": "myvpc",
      "provider": "provider[\"registry.terraform.io/hashicorp/aws\"]",
      "instances": [
        {
          "schema_version": 1,
          "attributes": {
            "arn": "arn:aws:ec2:us-east-2:005484483272:vpc/vpc-048946076b9381b1a",
            "assign_generated_ipv6_cidr_block": false,
            "cidr_block": "10.0.0.0/16",
            "default_network_acl_id": "acl-08e31fcc5bc3aaed7",
            "default_route_table_id": "rtb-096277c8b8e8134df",
            "default_security_group_id": "sg-01238eb5f126502c7",
            "dhcp_options_id": "dopt-bfaa0fd4",
            "enable_dns_hostnames": false,
            "enable_dns_support": true,
            "enable_network_address_usage_metrics": false,
            "id": "vpc-048946076b9381b1a",
            "instance_tenancy": "default",
            "ipv4_ipam_pool_id": null,
            "ipv4_netmask_length": null,
            "ipv6_association_id": "",
            "ipv6_cidr_block": "",
            "ipv6_cidr_block_network_border_group": "",
            "ipv6_ipam_pool_id": "",
            "ipv6_netmask_length": 0,
            "main_route_table_id": "rtb-096277c8b8e8134df",
            "owner_id": "005484483272",
            "tags": {
              "Name": "devOpsDeeksVPC"
            },
            "tags_all": {
              "Name": "devOpsDeeksVPC"
            }
          },
          "sensitive_attributes": [],
          "private": "eyJzY2hlbWFfdmVyc2lvbiI6IjEifQ=="
        }
      ]
    }
  ],
  "check_results": null
}
